// !$*UTF8*$!
{
	archiveVersion = 1;
	classes = {
	};
	objectVersion = 56;
	objects = {

/* Begin PBXBuildFile section */
		DC0CD34C2A083AF1008403C2 /* ToDoListApp.swift in Sources */ = {isa = PBXBuildFile; fileRef = DC0CD34B2A083AF1008403C2 /* ToDoListApp.swift */; };
		DC0CD34E2A083AF1008403C2 /* MainView.swift in Sources */ = {isa = PBXBuildFile; fileRef = DC0CD34D2A083AF1008403C2 /* MainView.swift */; };
		DC0CD3502A083AF1008403C2 /* Assets.xcassets in Resources */ = {isa = PBXBuildFile; fileRef = DC0CD34F2A083AF1008403C2 /* Assets.xcassets */; };
		DC0CD3532A083AF1008403C2 /* Preview Assets.xcassets in Resources */ = {isa = PBXBuildFile; fileRef = DC0CD3522A083AF1008403C2 /* Preview Assets.xcassets */; };
		DC0CD35B2A083C01008403C2 /* FirebaseAuth in Frameworks */ = {isa = PBXBuildFile; productRef = DC0CD35A2A083C01008403C2 /* FirebaseAuth */; };
		DC0CD35D2A083C01008403C2 /* FirebaseFirestore in Frameworks */ = {isa = PBXBuildFile; productRef = DC0CD35C2A083C01008403C2 /* FirebaseFirestore */; };
		DC0CD35F2A083C01008403C2 /* FirebaseFirestoreSwift in Frameworks */ = {isa = PBXBuildFile; productRef = DC0CD35E2A083C01008403C2 /* FirebaseFirestoreSwift */; };
		DC0CD3612A083DE2008403C2 /* GoogleService-Info.plist in Resources */ = {isa = PBXBuildFile; fileRef = DC0CD3602A083DE2008403C2 /* GoogleService-Info.plist */; };
		DC0CD3672A084369008403C2 /* ProfileView.swift in Sources */ = {isa = PBXBuildFile; fileRef = DC0CD3662A084369008403C2 /* ProfileView.swift */; };
		DC0CD3692A08437B008403C2 /* ToDoListView.swift in Sources */ = {isa = PBXBuildFile; fileRef = DC0CD3682A08437B008403C2 /* ToDoListView.swift */; };
		DC0CD36B2A084389008403C2 /* NewItemView.swift in Sources */ = {isa = PBXBuildFile; fileRef = DC0CD36A2A084389008403C2 /* NewItemView.swift */; };
		DC0CD36D2A084397008403C2 /* LogInView.swift in Sources */ = {isa = PBXBuildFile; fileRef = DC0CD36C2A084397008403C2 /* LogInView.swift */; };
		DC0CD36F2A0843A6008403C2 /* RegisterView.swift in Sources */ = {isa = PBXBuildFile; fileRef = DC0CD36E2A0843A6008403C2 /* RegisterView.swift */; };
		DC0CD3712A0843C6008403C2 /* ToDoListItemView.swift in Sources */ = {isa = PBXBuildFile; fileRef = DC0CD3702A0843C6008403C2 /* ToDoListItemView.swift */; };
		DC0CD3732A084448008403C2 /* User.swift in Sources */ = {isa = PBXBuildFile; fileRef = DC0CD3722A084448008403C2 /* User.swift */; };
		DC0CD3752A084456008403C2 /* ToDoListItem.swift in Sources */ = {isa = PBXBuildFile; fileRef = DC0CD3742A084456008403C2 /* ToDoListItem.swift */; };
		DC0CD3772A08448F008403C2 /* MainView-ViewModel.swift in Sources */ = {isa = PBXBuildFile; fileRef = DC0CD3762A08448F008403C2 /* MainView-ViewModel.swift */; };
		DC0CD3792A08449F008403C2 /* ProfileView-ViewModel.swift in Sources */ = {isa = PBXBuildFile; fileRef = DC0CD3782A08449F008403C2 /* ProfileView-ViewModel.swift */; };
		DC0CD37B2A0844B1008403C2 /* ToDoListView-ViewModel.swift in Sources */ = {isa = PBXBuildFile; fileRef = DC0CD37A2A0844B1008403C2 /* ToDoListView-ViewModel.swift */; };
		DC0CD37D2A0844C3008403C2 /* NewItemView-ViewModel.swift in Sources */ = {isa = PBXBuildFile; fileRef = DC0CD37C2A0844C3008403C2 /* NewItemView-ViewModel.swift */; };
		DC0CD37F2A0844D2008403C2 /* LogInView-ViewModel.swift in Sources */ = {isa = PBXBuildFile; fileRef = DC0CD37E2A0844D2008403C2 /* LogInView-ViewModel.swift */; };
		DC0CD3812A0844E2008403C2 /* RegisterView-ViewModel.swift in Sources */ = {isa = PBXBuildFile; fileRef = DC0CD3802A0844E2008403C2 /* RegisterView-ViewModel.swift */; };
		DC0CD3832A0844FE008403C2 /* ToDoListItemView-ViewModel.swift in Sources */ = {isa = PBXBuildFile; fileRef = DC0CD3822A0844FE008403C2 /* ToDoListItemView-ViewModel.swift */; };
		DC0CD3852A084B3B008403C2 /* HeaderView.swift in Sources */ = {isa = PBXBuildFile; fileRef = DC0CD3842A084B3B008403C2 /* HeaderView.swift */; };
		DCA979B32A08E3AA00C2D836 /* TLButton.swift in Sources */ = {isa = PBXBuildFile; fileRef = DCA979B22A08E3AA00C2D836 /* TLButton.swift */; };
		DCA979B52A14228300C2D836 /* Extensions.swift in Sources */ = {isa = PBXBuildFile; fileRef = DCA979B42A14228300C2D836 /* Extensions.swift */; };
/* End PBXBuildFile section */

/* Begin PBXFileReference section */
		DC0CD3482A083AF1008403C2 /* ToDoList.app */ = {isa = PBXFileReference; explicitFileType = wrapper.application; includeInIndex = 0; path = ToDoList.app; sourceTree = BUILT_PRODUCTS_DIR; };
		DC0CD34B2A083AF1008403C2 /* ToDoListApp.swift */ = {isa = PBXFileReference; lastKnownFileType = sourcecode.swift; path = ToDoListApp.swift; sourceTree = "<group>"; };
		DC0CD34D2A083AF1008403C2 /* MainView.swift */ = {isa = PBXFileReference; lastKnownFileType = sourcecode.swift; path = MainView.swift; sourceTree = "<group>"; };
		DC0CD34F2A083AF1008403C2 /* Assets.xcassets */ = {isa = PBXFileReference; lastKnownFileType = folder.assetcatalog; path = Assets.xcassets; sourceTree = "<group>"; };
		DC0CD3522A083AF1008403C2 /* Preview Assets.xcassets */ = {isa = PBXFileReference; lastKnownFileType = folder.assetcatalog; path = "Preview Assets.xcassets"; sourceTree = "<group>"; };
		DC0CD3602A083DE2008403C2 /* GoogleService-Info.plist */ = {isa = PBXFileReference; fileEncoding = 4; lastKnownFileType = text.plist.xml; path = "GoogleService-Info.plist"; sourceTree = "<group>"; };
		DC0CD3662A084369008403C2 /* ProfileView.swift */ = {isa = PBXFileReference; lastKnownFileType = sourcecode.swift; path = ProfileView.swift; sourceTree = "<group>"; };
		DC0CD3682A08437B008403C2 /* ToDoListView.swift */ = {isa = PBXFileReference; lastKnownFileType = sourcecode.swift; path = ToDoListView.swift; sourceTree = "<group>"; };
		DC0CD36A2A084389008403C2 /* NewItemView.swift */ = {isa = PBXFileReference; lastKnownFileType = sourcecode.swift; path = NewItemView.swift; sourceTree = "<group>"; };
		DC0CD36C2A084397008403C2 /* LogInView.swift */ = {isa = PBXFileReference; lastKnownFileType = sourcecode.swift; path = LogInView.swift; sourceTree = "<group>"; };
		DC0CD36E2A0843A6008403C2 /* RegisterView.swift */ = {isa = PBXFileReference; lastKnownFileType = sourcecode.swift; path = RegisterView.swift; sourceTree = "<group>"; };
		DC0CD3702A0843C6008403C2 /* ToDoListItemView.swift */ = {isa = PBXFileReference; lastKnownFileType = sourcecode.swift; path = ToDoListItemView.swift; sourceTree = "<group>"; };
		DC0CD3722A084448008403C2 /* User.swift */ = {isa = PBXFileReference; lastKnownFileType = sourcecode.swift; path = User.swift; sourceTree = "<group>"; };
		DC0CD3742A084456008403C2 /* ToDoListItem.swift */ = {isa = PBXFileReference; lastKnownFileType = sourcecode.swift; path = ToDoListItem.swift; sourceTree = "<group>"; };
		DC0CD3762A08448F008403C2 /* MainView-ViewModel.swift */ = {isa = PBXFileReference; lastKnownFileType = sourcecode.swift; path = "MainView-ViewModel.swift"; sourceTree = "<group>"; };
		DC0CD3782A08449F008403C2 /* ProfileView-ViewModel.swift */ = {isa = PBXFileReference; lastKnownFileType = sourcecode.swift; path = "ProfileView-ViewModel.swift"; sourceTree = "<group>"; };
		DC0CD37A2A0844B1008403C2 /* ToDoListView-ViewModel.swift */ = {isa = PBXFileReference; lastKnownFileType = sourcecode.swift; path = "ToDoListView-ViewModel.swift"; sourceTree = "<group>"; };
		DC0CD37C2A0844C3008403C2 /* NewItemView-ViewModel.swift */ = {isa = PBXFileReference; lastKnownFileType = sourcecode.swift; path = "NewItemView-ViewModel.swift"; sourceTree = "<group>"; };
		DC0CD37E2A0844D2008403C2 /* LogInView-ViewModel.swift */ = {isa = PBXFileReference; lastKnownFileType = sourcecode.swift; path = "LogInView-ViewModel.swift"; sourceTree = "<group>"; };
		DC0CD3802A0844E2008403C2 /* RegisterView-ViewModel.swift */ = {isa = PBXFileReference; lastKnownFileType = sourcecode.swift; path = "RegisterView-ViewModel.swift"; sourceTree = "<group>"; };
		DC0CD3822A0844FE008403C2 /* ToDoListItemView-ViewModel.swift */ = {isa = PBXFileReference; lastKnownFileType = sourcecode.swift; path = "ToDoListItemView-ViewModel.swift"; sourceTree = "<group>"; };
		DC0CD3842A084B3B008403C2 /* HeaderView.swift */ = {isa = PBXFileReference; lastKnownFileType = sourcecode.swift; path = HeaderView.swift; sourceTree = "<group>"; };
		DCA979B22A08E3AA00C2D836 /* TLButton.swift */ = {isa = PBXFileReference; lastKnownFileType = sourcecode.swift; path = TLButton.swift; sourceTree = "<group>"; };
		DCA979B42A14228300C2D836 /* Extensions.swift */ = {isa = PBXFileReference; lastKnownFileType = sourcecode.swift; path = Extensions.swift; sourceTree = "<group>"; };
/* End PBXFileReference section */

/* Begin PBXFrameworksBuildPhase section */
		DC0CD3452A083AF1008403C2 /* Frameworks */ = {
			isa = PBXFrameworksBuildPhase;
			buildActionMask = 2147483647;
			files = (
				DC0CD35B2A083C01008403C2 /* FirebaseAuth in Frameworks */,
				DC0CD35D2A083C01008403C2 /* FirebaseFirestore in Frameworks */,
				DC0CD35F2A083C01008403C2 /* FirebaseFirestoreSwift in Frameworks */,
			);
			runOnlyForDeploymentPostprocessing = 0;
		};
/* End PBXFrameworksBuildPhase section */

/* Begin PBXGroup section */
		DC0CD33F2A083AF1008403C2 = {
			isa = PBXGroup;
			children = (
				DC0CD34A2A083AF1008403C2 /* ToDoList */,
				DC0CD3492A083AF1008403C2 /* Products */,
			);
			sourceTree = "<group>";
		};
		DC0CD3492A083AF1008403C2 /* Products */ = {
			isa = PBXGroup;
			children = (
				DC0CD3482A083AF1008403C2 /* ToDoList.app */,
			);
			name = Products;
			sourceTree = "<group>";
		};
		DC0CD34A2A083AF1008403C2 /* ToDoList */ = {
			isa = PBXGroup;
			children = (
				DC0CD3652A083F13008403C2 /* Other */,
				DC0CD3642A083EF3008403C2 /* Models */,
				DC0CD3632A083EE7008403C2 /* ViewModels */,
				DC0CD3622A083EDE008403C2 /* Views */,
				DC0CD3512A083AF1008403C2 /* Preview Content */,
			);
			path = ToDoList;
			sourceTree = "<group>";
		};
		DC0CD3512A083AF1008403C2 /* Preview Content */ = {
			isa = PBXGroup;
			children = (
				DC0CD3522A083AF1008403C2 /* Preview Assets.xcassets */,
			);
			path = "Preview Content";
			sourceTree = "<group>";
		};
		DC0CD3622A083EDE008403C2 /* Views */ = {
			isa = PBXGroup;
			children = (
				DC0CD34D2A083AF1008403C2 /* MainView.swift */,
				DC0CD3662A084369008403C2 /* ProfileView.swift */,
				DC0CD3682A08437B008403C2 /* ToDoListView.swift */,
				DC0CD36A2A084389008403C2 /* NewItemView.swift */,
				DC0CD36C2A084397008403C2 /* LogInView.swift */,
				DC0CD36E2A0843A6008403C2 /* RegisterView.swift */,
				DC0CD3702A0843C6008403C2 /* ToDoListItemView.swift */,
				DC0CD3842A084B3B008403C2 /* HeaderView.swift */,
				DCA979B22A08E3AA00C2D836 /* TLButton.swift */,
			);
			path = Views;
			sourceTree = "<group>";
		};
		DC0CD3632A083EE7008403C2 /* ViewModels */ = {
			isa = PBXGroup;
			children = (
				DC0CD3762A08448F008403C2 /* MainView-ViewModel.swift */,
				DC0CD3782A08449F008403C2 /* ProfileView-ViewModel.swift */,
				DC0CD37C2A0844C3008403C2 /* NewItemView-ViewModel.swift */,
				DC0CD37E2A0844D2008403C2 /* LogInView-ViewModel.swift */,
				DC0CD3802A0844E2008403C2 /* RegisterView-ViewModel.swift */,
				DC0CD37A2A0844B1008403C2 /* ToDoListView-ViewModel.swift */,
				DC0CD3822A0844FE008403C2 /* ToDoListItemView-ViewModel.swift */,
			);
			path = ViewModels;
			sourceTree = "<group>";
		};
		DC0CD3642A083EF3008403C2 /* Models */ = {
			isa = PBXGroup;
			children = (
				DC0CD3722A084448008403C2 /* User.swift */,
				DC0CD3742A084456008403C2 /* ToDoListItem.swift */,
			);
			path = Models;
			sourceTree = "<group>";
		};
		DC0CD3652A083F13008403C2 /* Other */ = {
			isa = PBXGroup;
			children = (
				DC0CD34F2A083AF1008403C2 /* Assets.xcassets */,
				DC0CD3602A083DE2008403C2 /* GoogleService-Info.plist */,
				DC0CD34B2A083AF1008403C2 /* ToDoListApp.swift */,
				DCA979B42A14228300C2D836 /* Extensions.swift */,
			);
			path = Other;
			sourceTree = "<group>";
		};
/* End PBXGroup section */

/* Begin PBXNativeTarget section */
		DC0CD3472A083AF1008403C2 /* ToDoList */ = {
			isa = PBXNativeTarget;
			buildConfigurationList = DC0CD3562A083AF1008403C2 /* Build configuration list for PBXNativeTarget "ToDoList" */;
			buildPhases = (
				DC0CD3442A083AF1008403C2 /* Sources */,
				DC0CD3452A083AF1008403C2 /* Frameworks */,
				DC0CD3462A083AF1008403C2 /* Resources */,
			);
			buildRules = (
			);
			dependencies = (
			);
			name = ToDoList;
			packageProductDependencies = (
				DC0CD35A2A083C01008403C2 /* FirebaseAuth */,
				DC0CD35C2A083C01008403C2 /* FirebaseFirestore */,
				DC0CD35E2A083C01008403C2 /* FirebaseFirestoreSwift */,
			);
			productName = ToDoList;
			productReference = DC0CD3482A083AF1008403C2 /* ToDoList.app */;
			productType = "com.apple.product-type.application";
		};
/* End PBXNativeTarget section */

/* Begin PBXProject section */
		DC0CD3402A083AF1008403C2 /* Project object */ = {
			isa = PBXProject;
			attributes = {
				BuildIndependentTargetsInParallel = 1;
				LastSwiftUpdateCheck = 1430;
				LastUpgradeCheck = 1430;
				TargetAttributes = {
					DC0CD3472A083AF1008403C2 = {
						CreatedOnToolsVersion = 14.3;
					};
				};
			};
			buildConfigurationList = DC0CD3432A083AF1008403C2 /* Build configuration list for PBXProject "ToDoList" */;
			compatibilityVersion = "Xcode 14.0";
			developmentRegion = en;
			hasScannedForEncodings = 0;
			knownRegions = (
				en,
				Base,
			);
			mainGroup = DC0CD33F2A083AF1008403C2;
			packageReferences = (
				DC0CD3592A083C01008403C2 /* XCRemoteSwiftPackageReference "firebase-ios-sdk" */,
			);
			productRefGroup = DC0CD3492A083AF1008403C2 /* Products */;
			projectDirPath = "";
			projectRoot = "";
			targets = (
				DC0CD3472A083AF1008403C2 /* ToDoList */,
			);
		};
/* End PBXProject section */

/* Begin PBXResourcesBuildPhase section */
		DC0CD3462A083AF1008403C2 /* Resources */ = {
			isa = PBXResourcesBuildPhase;
			buildActionMask = 2147483647;
			files = (
				DC0CD3532A083AF1008403C2 /* Preview Assets.xcassets in Resources */,
				DC0CD3502A083AF1008403C2 /* Assets.xcassets in Resources */,
				DC0CD3612A083DE2008403C2 /* GoogleService-Info.plist in Resources */,
			);
			runOnlyForDeploymentPostprocessing = 0;
		};
/* End PBXResourcesBuildPhase section */

/* Begin PBXSourcesBuildPhase section */
		DC0CD3442A083AF1008403C2 /* Sources */ = {
			isa = PBXSourcesBuildPhase;
			buildActionMask = 2147483647;
			files = (
				DC0CD3812A0844E2008403C2 /* RegisterView-ViewModel.swift in Sources */,
				DC0CD3852A084B3B008403C2 /* HeaderView.swift in Sources */,
				DC0CD36D2A084397008403C2 /* LogInView.swift in Sources */,
				DC0CD34E2A083AF1008403C2 /* MainView.swift in Sources */,
				DC0CD36B2A084389008403C2 /* NewItemView.swift in Sources */,
				DC0CD3792A08449F008403C2 /* ProfileView-ViewModel.swift in Sources */,
				DC0CD36F2A0843A6008403C2 /* RegisterView.swift in Sources */,
				DCA979B32A08E3AA00C2D836 /* TLButton.swift in Sources */,
				DC0CD37D2A0844C3008403C2 /* NewItemView-ViewModel.swift in Sources */,
				DC0CD3772A08448F008403C2 /* MainView-ViewModel.swift in Sources */,
				DC0CD3672A084369008403C2 /* ProfileView.swift in Sources */,
				DC0CD3732A084448008403C2 /* User.swift in Sources */,
				DC0CD3712A0843C6008403C2 /* ToDoListItemView.swift in Sources */,
				DC0CD3832A0844FE008403C2 /* ToDoListItemView-ViewModel.swift in Sources */,
				DC0CD3692A08437B008403C2 /* ToDoListView.swift in Sources */,
				DCA979B52A14228300C2D836 /* Extensions.swift in Sources */,
				DC0CD3752A084456008403C2 /* ToDoListItem.swift in Sources */,
				DC0CD37B2A0844B1008403C2 /* ToDoListView-ViewModel.swift in Sources */,
				DC0CD34C2A083AF1008403C2 /* ToDoListApp.swift in Sources */,
				DC0CD37F2A0844D2008403C2 /* LogInView-ViewModel.swift in Sources */,
			);
			runOnlyForDeploymentPostprocessing = 0;
		};
/* End PBXSourcesBuildPhase section */

/* Begin XCBuildConfiguration section */
		DC0CD3542A083AF1008403C2 /* Debug */ = {
			isa = XCBuildConfiguration;
			buildSettings = {
				ALWAYS_SEARCH_USER_PATHS = NO;
				CLANG_ANALYZER_NONNULL = YES;
				CLANG_ANALYZER_NUMBER_OBJECT_CONVERSION = YES_AGGRESSIVE;
				CLANG_CXX_LANGUAGE_STANDARD = "gnu++20";
				CLANG_ENABLE_MODULES = YES;
				CLANG_ENABLE_OBJC_ARC = YES;
				CLANG_ENABLE_OBJC_WEAK = YES;
				CLANG_WARN_BLOCK_CAPTURE_AUTORELEASING = YES;
				CLANG_WARN_BOOL_CONVERSION = YES;
				CLANG_WARN_COMMA = YES;
				CLANG_WARN_CONSTANT_CONVERSION = YES;
				CLANG_WARN_DEPRECATED_OBJC_IMPLEMENTATIONS = YES;
				CLANG_WARN_DIRECT_OBJC_ISA_USAGE = YES_ERROR;
				CLANG_WARN_DOCUMENTATION_COMMENTS = YES;
				CLANG_WARN_EMPTY_BODY = YES;
				CLANG_WARN_ENUM_CONVERSION = YES;
				CLANG_WARN_INFINITE_RECURSION = YES;
				CLANG_WARN_INT_CONVERSION = YES;
				CLANG_WARN_NON_LITERAL_NULL_CONVERSION = YES;
				CLANG_WARN_OBJC_IMPLICIT_RETAIN_SELF = YES;
				CLANG_WARN_OBJC_LITERAL_CONVERSION = YES;
				CLANG_WARN_OBJC_ROOT_CLASS = YES_ERROR;
				CLANG_WARN_QUOTED_INCLUDE_IN_FRAMEWORK_HEADER = YES;
				CLANG_WARN_RANGE_LOOP_ANALYSIS = YES;
				CLANG_WARN_STRICT_PROTOTYPES = YES;
				CLANG_WARN_SUSPICIOUS_MOVE = YES;
				CLANG_WARN_UNGUARDED_AVAILABILITY = YES_AGGRESSIVE;
				CLANG_WARN_UNREACHABLE_CODE = YES;
				CLANG_WARN__DUPLICATE_METHOD_MATCH = YES;
				COPY_PHASE_STRIP = NO;
				DEBUG_INFORMATION_FORMAT = dwarf;
				ENABLE_STRICT_OBJC_MSGSEND = YES;
				ENABLE_TESTABILITY = YES;
				GCC_C_LANGUAGE_STANDARD = gnu11;
				GCC_DYNAMIC_NO_PIC = NO;
				GCC_NO_COMMON_BLOCKS = YES;
				GCC_OPTIMIZATION_LEVEL = 0;
				GCC_PREPROCESSOR_DEFINITIONS = (
					"DEBUG=1",
					"$(inherited)",
				);
				GCC_WARN_64_TO_32_BIT_CONVERSION = YES;
				GCC_WARN_ABOUT_RETURN_TYPE = YES_ERROR;
				GCC_WARN_UNDECLARED_SELECTOR = YES;
				GCC_WARN_UNINITIALIZED_AUTOS = YES_AGGRESSIVE;
				GCC_WARN_UNUSED_FUNCTION = YES;
				GCC_WARN_UNUSED_VARIABLE = YES;
				IPHONEOS_DEPLOYMENT_TARGET = 16.4;
				MTL_ENABLE_DEBUG_INFO = INCLUDE_SOURCE;
				MTL_FAST_MATH = YES;
				ONLY_ACTIVE_ARCH = YES;
				SDKROOT = iphoneos;
				SWIFT_ACTIVE_COMPILATION_CONDITIONS = DEBUG;
				SWIFT_OPTIMIZATION_LEVEL = "-Onone";
			};
			name = Debug;
		};
		DC0CD3552A083AF1008403C2 /* Release */ = {
			isa = XCBuildConfiguration;
			buildSettings = {
				ALWAYS_SEARCH_USER_PATHS = NO;
				CLANG_ANALYZER_NONNULL = YES;
				CLANG_ANALYZER_NUMBER_OBJECT_CONVERSION = YES_AGGRESSIVE;
				CLANG_CXX_LANGUAGE_STANDARD = "gnu++20";
				CLANG_ENABLE_MODULES = YES;
				CLANG_ENABLE_OBJC_ARC = YES;
				CLANG_ENABLE_OBJC_WEAK = YES;
				CLANG_WARN_BLOCK_CAPTURE_AUTORELEASING = YES;
				CLANG_WARN_BOOL_CONVERSION = YES;
				CLANG_WARN_COMMA = YES;
				CLANG_WARN_CONSTANT_CONVERSION = YES;
				CLANG_WARN_DEPRECATED_OBJC_IMPLEMENTATIONS = YES;
				CLANG_WARN_DIRECT_OBJC_ISA_USAGE = YES_ERROR;
				CLANG_WARN_DOCUMENTATION_COMMENTS = YES;
				CLANG_WARN_EMPTY_BODY = YES;
				CLANG_WARN_ENUM_CONVERSION = YES;
				CLANG_WARN_INFINITE_RECURSION = YES;
				CLANG_WARN_INT_CONVERSION = YES;
				CLANG_WARN_NON_LITERAL_NULL_CONVERSION = YES;
				CLANG_WARN_OBJC_IMPLICIT_RETAIN_SELF = YES;
				CLANG_WARN_OBJC_LITERAL_CONVERSION = YES;
				CLANG_WARN_OBJC_ROOT_CLASS = YES_ERROR;
				CLANG_WARN_QUOTED_INCLUDE_IN_FRAMEWORK_HEADER = YES;
				CLANG_WARN_RANGE_LOOP_ANALYSIS = YES;
				CLANG_WARN_STRICT_PROTOTYPES = YES;
				CLANG_WARN_SUSPICIOUS_MOVE = YES;
				CLANG_WARN_UNGUARDED_AVAILABILITY = YES_AGGRESSIVE;
				CLANG_WARN_UNREACHABLE_CODE = YES;
				CLANG_WARN__DUPLICATE_METHOD_MATCH = YES;
				COPY_PHASE_STRIP = NO;
				DEBUG_INFORMATION_FORMAT = "dwarf-with-dsym";
				ENABLE_NS_ASSERTIONS = NO;
				ENABLE_STRICT_OBJC_MSGSEND = YES;
				GCC_C_LANGUAGE_STANDARD = gnu11;
				GCC_NO_COMMON_BLOCKS = YES;
				GCC_WARN_64_TO_32_BIT_CONVERSION = YES;
				GCC_WARN_ABOUT_RETURN_TYPE = YES_ERROR;
				GCC_WARN_UNDECLARED_SELECTOR = YES;
				GCC_WARN_UNINITIALIZED_AUTOS = YES_AGGRESSIVE;
				GCC_WARN_UNUSED_FUNCTION = YES;
				GCC_WARN_UNUSED_VARIABLE = YES;
				IPHONEOS_DEPLOYMENT_TARGET = 16.4;
				MTL_ENABLE_DEBUG_INFO = NO;
				MTL_FAST_MATH = YES;
				SDKROOT = iphoneos;
				SWIFT_COMPILATION_MODE = wholemodule;
				SWIFT_OPTIMIZATION_LEVEL = "-O";
				VALIDATE_PRODUCT = YES;
			};
			name = Release;
		};
		DC0CD3572A083AF1008403C2 /* Debug */ = {
			isa = XCBuildConfiguration;
			buildSettings = {
				ASSETCATALOG_COMPILER_APPICON_NAME = AppIcon;
				ASSETCATALOG_COMPILER_GLOBAL_ACCENT_COLOR_NAME = AccentColor;
				CODE_SIGN_STYLE = Automatic;
				CURRENT_PROJECT_VERSION = 1;
				DEVELOPMENT_ASSET_PATHS = "\"ToDoList/Preview Content\"";
				DEVELOPMENT_TEAM = 575J2B9GHH;
				ENABLE_PREVIEWS = YES;
				GENERATE_INFOPLIST_FILE = YES;
				INFOPLIST_KEY_CFBundleDisplayName = "To Do List";
				INFOPLIST_KEY_UIApplicationSceneManifest_Generation = YES;
				INFOPLIST_KEY_UIApplicationSupportsIndirectInputEvents = YES;
				INFOPLIST_KEY_UILaunchScreen_Generation = YES;
				INFOPLIST_KEY_UISupportedInterfaceOrientations = UIInterfaceOrientationPortrait;
				LD_RUNPATH_SEARCH_PATHS = (
					"$(inherited)",
					"@executable_path/Frameworks",
				);
				MARKETING_VERSION = 1.0;
				PRODUCT_BUNDLE_IDENTIFIER = "com.Nathan-Grasso.ToDoList";
				PRODUCT_NAME = "$(TARGET_NAME)";
				SWIFT_EMIT_LOC_STRINGS = YES;
				SWIFT_VERSION = 5.0;
				TARGETED_DEVICE_FAMILY = "1,2";
			};
			name = Debug;
		};
		DC0CD3582A083AF1008403C2 /* Release */ = {
			isa = XCBuildConfiguration;
			buildSettings = {
				ASSETCATALOG_COMPILER_APPICON_NAME = AppIcon;
				ASSETCATALOG_COMPILER_GLOBAL_ACCENT_COLOR_NAME = AccentColor;
				CODE_SIGN_STYLE = Automatic;
				CURRENT_PROJECT_VERSION = 1;
				DEVELOPMENT_ASSET_PATHS = "\"ToDoList/Preview Content\"";
				DEVELOPMENT_TEAM = 575J2B9GHH;
				ENABLE_PREVIEWS = YES;
				GENERATE_INFOPLIST_FILE = YES;
				INFOPLIST_KEY_CFBundleDisplayName = "To Do List";
				INFOPLIST_KEY_UIApplicationSceneManifest_Generation = YES;
				INFOPLIST_KEY_UIApplicationSupportsIndirectInputEvents = YES;
				INFOPLIST_KEY_UILaunchScreen_Generation = YES;
				INFOPLIST_KEY_UISupportedInterfaceOrientations = UIInterfaceOrientationPortrait;
				LD_RUNPATH_SEARCH_PATHS = (
					"$(inherited)",
					"@executable_path/Frameworks",
				);
				MARKETING_VERSION = 1.0;
				PRODUCT_BUNDLE_IDENTIFIER = "com.Nathan-Grasso.ToDoList";
				PRODUCT_NAME = "$(TARGET_NAME)";
				SWIFT_EMIT_LOC_STRINGS = YES;
				SWIFT_VERSION = 5.0;
				TARGETED_DEVICE_FAMILY = "1,2";
			};
			name = Release;
		};
/* End XCBuildConfiguration section */

/* Begin XCConfigurationList section */
		DC0CD3432A083AF1008403C2 /* Build configuration list for PBXProject "ToDoList" */ = {
			isa = XCConfigurationList;
			buildConfigurations = (
				DC0CD3542A083AF1008403C2 /* Debug */,
				DC0CD3552A083AF1008403C2 /* Release */,
			);
			defaultConfigurationIsVisible = 0;
			defaultConfigurationName = Release;
		};
		DC0CD3562A083AF1008403C2 /* Build configuration list for PBXNativeTarget "ToDoList" */ = {
			isa = XCConfigurationList;
			buildConfigurations = (
				DC0CD3572A083AF1008403C2 /* Debug */,
				DC0CD3582A083AF1008403C2 /* Release */,
			);
			defaultConfigurationIsVisible = 0;
			defaultConfigurationName = Release;
		};
/* End XCConfigurationList section */

/* Begin XCRemoteSwiftPackageReference section */
		DC0CD3592A083C01008403C2 /* XCRemoteSwiftPackageReference "firebase-ios-sdk" */ = {
			isa = XCRemoteSwiftPackageReference;
			repositoryURL = "https://github.com/firebase/firebase-ios-sdk";
			requirement = {
				kind = upToNextMajorVersion;
				minimumVersion = 10.0.0;
			};
		};
/* End XCRemoteSwiftPackageReference section */

/* Begin XCSwiftPackageProductDependency section */
		DC0CD35A2A083C01008403C2 /* FirebaseAuth */ = {
			isa = XCSwiftPackageProductDependency;
			package = DC0CD3592A083C01008403C2 /* XCRemoteSwiftPackageReference "firebase-ios-sdk" */;
			productName = FirebaseAuth;
		};
		DC0CD35C2A083C01008403C2 /* FirebaseFirestore */ = {
			isa = XCSwiftPackageProductDependency;
			package = DC0CD3592A083C01008403C2 /* XCRemoteSwiftPackageReference "firebase-ios-sdk" */;
			productName = FirebaseFirestore;
		};
		DC0CD35E2A083C01008403C2 /* FirebaseFirestoreSwift */ = {
			isa = XCSwiftPackageProductDependency;
			package = DC0CD3592A083C01008403C2 /* XCRemoteSwiftPackageReference "firebase-ios-sdk" */;
			productName = FirebaseFirestoreSwift;
		};
/* End XCSwiftPackageProductDependency section */
	};
	rootObject = DC0CD3402A083AF1008403C2 /* Project object */;
}
